{
  "name": "foodmine-course",
  "version": "1.0.0",
  "lockfileVersion": 3,
  "requires": true,
  "packages": {
    "": {
      "name": "foodmine-course",
      "version": "1.0.0",
      "dependencies": {
        "foodmine-course": "file:"
      },
      "engines": {
        "node": ">=18 <19"
      }
    },
    "node_modules/foodmine-course": {
      "resolved": "",
      "link": true
    }
  }
}
